
Microsoft Visual Studio Solution File, Format Version 12.00
# Visual Studio Version 16
VisualStudioVersion = 16.0.31025.218
MinimumVisualStudioVersion = 10.0.40219.1
Project("{9A19103F-16F7-4668-BE54-9A1E7A4F7556}") = "APIAcoes", "APIAcoes.csproj", "{52EAF757-6AD3-4B1C-87AA-31F8F8F00400}"
EndProject
Global
	GlobalSection(SolutionConfigurationPlatforms) = preSolution
		Debug|Any CPU = Debug|Any CPU
		Release|Any CPU = Release|Any CPU
	EndGlobalSection
	GlobalSection(ProjectConfigurationPlatforms) = postSolution
		{52EAF757-6AD3-4B1C-87AA-31F8F8F00400}.Debug|Any CPU.ActiveCfg = Debug|Any CPU
		{52EAF757-6AD3-4B1C-87AA-31F8F8F00400}.Debug|Any CPU.Build.0 = Debug|Any CPU
		{52EAF757-6AD3-4B1C-87AA-31F8F8F00400}.Release|Any CPU.ActiveCfg = Release|Any CPU
		{52EAF757-6AD3-4B1C-87AA-31F8F8F00400}.Release|Any CPU.Build.0 = Release|Any CPU
	EndGlobalSection
	GlobalSection(SolutionProperties) = preSolution
		HideSolutionNode = FALSE
	EndGlobalSection
	GlobalSection(ExtensibilityGlobals) = postSolution
		SolutionGuid = {45D746CC-D8D7-4749-AA44-A56A5708D38C}
	EndGlobalSection
EndGlobal
